
Microsoft Visual Studio Solution File, Format Version 12.00
# Visual Studio 14
VisualStudioVersion = 14.0.25420.1
MinimumVisualStudioVersion = 10.0.40219.1
Project("{FAE04EC0-301F-11D3-BF4B-00C04F79EFBC}") = "Test1", "day5\Test1.csproj", "{AFEA6BD2-A0D8-4C1E-BA17-2388DFBC09B7}"
EndProject
Project("{FAE04EC0-301F-11D3-BF4B-00C04F79EFBC}") = "Test2", "Test2\Test2.csproj", "{276A87A1-87C0-4B5F-BA15-6981F7540350}"
EndProject
Project("{FAE04EC0-301F-11D3-BF4B-00C04F79EFBC}") = "Test3", "Test3\Test3.csproj", "{64C9F482-17D9-44AE-815C-8568C9534741}"
EndProject
Global
	GlobalSection(SolutionConfigurationPlatforms) = preSolution
		Debug|Any CPU = Debug|Any CPU
		Release|Any CPU = Release|Any CPU
	EndGlobalSection
	GlobalSection(ProjectConfigurationPlatforms) = postSolution
		{AFEA6BD2-A0D8-4C1E-BA17-2388DFBC09B7}.Debug|Any CPU.ActiveCfg = Debug|Any CPU
		{AFEA6BD2-A0D8-4C1E-BA17-2388DFBC09B7}.Debug|Any CPU.Build.0 = Debug|Any CPU
		{AFEA6BD2-A0D8-4C1E-BA17-2388DFBC09B7}.Release|Any CPU.ActiveCfg = Release|Any CPU
		{AFEA6BD2-A0D8-4C1E-BA17-2388DFBC09B7}.Release|Any CPU.Build.0 = Release|Any CPU
		{276A87A1-87C0-4B5F-BA15-6981F7540350}.Debug|Any CPU.ActiveCfg = Debug|Any CPU
		{276A87A1-87C0-4B5F-BA15-6981F7540350}.Debug|Any CPU.Build.0 = Debug|Any CPU
		{276A87A1-87C0-4B5F-BA15-6981F7540350}.Release|Any CPU.ActiveCfg = Release|Any CPU
		{276A87A1-87C0-4B5F-BA15-6981F7540350}.Release|Any CPU.Build.0 = Release|Any CPU
		{64C9F482-17D9-44AE-815C-8568C9534741}.Debug|Any CPU.ActiveCfg = Debug|Any CPU
		{64C9F482-17D9-44AE-815C-8568C9534741}.Debug|Any CPU.Build.0 = Debug|Any CPU
		{64C9F482-17D9-44AE-815C-8568C9534741}.Release|Any CPU.ActiveCfg = Release|Any CPU
		{64C9F482-17D9-44AE-815C-8568C9534741}.Release|Any CPU.Build.0 = Release|Any CPU
	EndGlobalSection
	GlobalSection(SolutionProperties) = preSolution
		HideSolutionNode = FALSE
	EndGlobalSection
EndGlobal
